# @generated - this file is auto-generated by `mise lock` https://mise.jdx.dev/dev-tools/mise-lock.html

lockfile_version = 1

[[tools."aqua:eza-community/eza"]]
version = "0.23.5"
backend = "aqua:eza-community/eza"
specifiers = ["0.23.5"]

[tools."aqua:eza-community/eza"."platforms.linux-arm64"]
checksum = "sha256:40b87ae8628aa2ff0f0d2dc24ab52f689631366385c3da630bae745671fd71ec"
url = "https://github.com/eza-community/eza/releases/download/v0.23.5/eza_aarch64-unknown-linux-gnu.tar.gz"
url_api = "https://api.github.com/repos/eza-community/eza/releases/assets/471228867"

[tools."aqua:eza-community/eza"."platforms.linux-x64"]
checksum = "sha256:35c70c5c43c29108075e58b893234c67ef585f0b53a7eaf8e9e7d4eec9f339b4"
url = "https://github.com/eza-community/eza/releases/download/v0.23.5/eza_x86_64-unknown-linux-gnu.tar.gz"
url_api = "https://api.github.com/repos/eza-community/eza/releases/assets/471228887"

[[tools."aqua:neovim/neovim"]]
version = "0.12.5"
backend = "aqua:neovim/neovim"
specifiers = ["0.12.5"]

[tools."aqua:neovim/neovim"."platforms.linux-arm64"]
checksum = "sha256:1aa5ca085249580ae0f91eb14f27ec0919773ff2d99a163d03f3d6c21ac29725"
url = "https://github.com/neovim/neovim/releases/download/v0.12.5/nvim-linux-arm64.tar.gz"
url_api = "https://api.github.com/repos/neovim/neovim/releases/assets/526503739"

[tools."aqua:neovim/neovim"."platforms.linux-x64"]
checksum = "sha256:bce0f56eda1f1b1db6eee8f4133d7a38813ea07933837dd1777411ca384c6875"
url = "https://github.com/neovim/neovim/releases/download/v0.12.5/nvim-linux-x86_64.tar.gz"
url_api = "https://api.github.com/repos/neovim/neovim/releases/assets/526503737"

[[tools."github:no-phux/phux"]]
version = "0.26.1"
backend = "github:no-phux/phux"
specifiers = ["0.26.1"]

[tools."github:no-phux/phux".options]
asset_pattern = "phux-v*-aarch64-unknown-linux-gnu.tar.gz"

[tools."github:no-phux/phux"."platforms.linux-arm64"]
checksum = "sha256:1ea5b9e081b27eb24c9f99171f148c670cbbab8b7abd5b1ca0aab4a3ec92f2f6"
url = "https://github.com/no-phux/phux/releases/download/v0.26.1/phux-v0.26.1-aarch64-unknown-linux-gnu.tar.gz"
url_api = "https://api.github.com/repos/no-phux/phux/releases/assets/543990471"

[[tools."github:no-phux/phux"]]
version = "0.26.1"
backend = "github:no-phux/phux"
specifiers = ["0.26.1"]

[tools."github:no-phux/phux".options]
asset_pattern = "phux-v*-x86_64-unknown-linux-gnu.tar.gz"

[tools."github:no-phux/phux"."platforms.linux-x64"]
checksum = "sha256:9d3558f404bd144454136659c71613826e54cd9b2c8ab6fd3c33f56e8b7a5c84"
url = "https://github.com/no-phux/phux/releases/download/v0.26.1/phux-v0.26.1-x86_64-unknown-linux-gnu.tar.gz"
url_api = "https://api.github.com/repos/no-phux/phux/releases/assets/543990464"

[[tools."github:phall1/blackbird"]]
version = "0.5.0"
backend = "github:phall1/blackbird"
specifiers = ["0.5.0"]

[tools."github:phall1/blackbird"."platforms.linux-arm64"]
checksum = "sha256:34e656d626db2e491f418d6ac58ca5ec6e202651187ac79c765448931af333e6"
url = "https://github.com/phall1/blackbird/releases/download/v0.5.0/blackbird-v0.5.0-aarch64-unknown-linux-gnu.tar.gz"
url_api = "https://api.github.com/repos/phall1/blackbird/releases/assets/541656393"

[tools."github:phall1/blackbird"."platforms.linux-x64"]
checksum = "sha256:6b6ebe20ea24269738c82c6685eb5d07a490afc02195463758ca2734199076fb"
url = "https://github.com/phall1/blackbird/releases/download/v0.5.0/blackbird-v0.5.0-x86_64-unknown-linux-gnu.tar.gz"
url_api = "https://api.github.com/repos/phall1/blackbird/releases/assets/541656395"

[[tools."github:phall1/phig"]]
version = "1.1.1"
backend = "github:phall1/phig"
specifiers = ["1.1.1"]

[tools."github:phall1/phig"."platforms.linux-arm64"]
checksum = "sha256:a25c9266ba07ab981a5f0ce669686eed60326e314cc5e58de1f5d2b6f5758347"
url = "https://github.com/phall1/phig/releases/download/v1.1.1/phig-cli-aarch64-unknown-linux-gnu.tar.xz"
url_api = "https://api.github.com/repos/phall1/phig/releases/assets/521507122"
provenance = "github-attestations"

[tools."github:phall1/phig"."platforms.linux-x64"]
checksum = "sha256:c2cf4f2a7d96f922cc75052817165a48d4db60ea8d73440c63ea424dd9446af7"
url = "https://github.com/phall1/phig/releases/download/v1.1.1/phig-cli-x86_64-unknown-linux-gnu.tar.xz"
url_api = "https://api.github.com/repos/phall1/phig/releases/assets/521507136"
provenance = "github-attestations"

[[tools."github:phall1/phui"]]
version = "0.15.0"
backend = "github:phall1/phui"
specifiers = ["0.15.0"]

[tools."github:phall1/phui"."platforms.linux-arm64"]
checksum = "sha256:3f11abeb41fc2941abaa521521d8ca07c8981f0dc5fd41c29ea5747d003a31e7"
url = "https://github.com/phall1/phui/releases/download/v0.15.0/phui-linux-arm64.tar.gz"
url_api = "https://api.github.com/repos/phall1/phui/releases/assets/507794667"

[tools."github:phall1/phui"."platforms.linux-x64"]
checksum = "sha256:124908e1436fda82ae36dd7658a17fe4092e52745ec14c7a7ad346198dd8e2f1"
url = "https://github.com/phall1/phui/releases/download/v0.15.0/phui-linux-x64.tar.gz"
url_api = "https://api.github.com/repos/phall1/phui/releases/assets/507794673"
