# @generated - this file is auto-generated by `mise lock` https://mise.jdx.dev/dev-tools/mise-lock.html

lockfile_version = 1

[[tools."aqua:BurntSushi/ripgrep"]]
version = "15.2.0"
backend = "aqua:BurntSushi/ripgrep"
specifiers = [
    "15.2.0",
    "latest",
]

[tools."aqua:BurntSushi/ripgrep"."platforms.linux-arm64"]
checksum = "sha256:a740b91c82eaf9914cfedd353572f2791cbe0162c84101ee0951058f4dcbc90d"
url = "https://github.com/BurntSushi/ripgrep/releases/download/15.2.0/ripgrep-15.2.0-aarch64-unknown-linux-gnu.tar.gz"
url_api = "https://api.github.com/repos/BurntSushi/ripgrep/releases/assets/478119579"

[tools."aqua:BurntSushi/ripgrep"."platforms.linux-arm64-musl"]
checksum = "sha256:800b1e7206afe799dfb5a6901f23147cfaabe0e52210538100f61e86e1740915"
url = "https://github.com/BurntSushi/ripgrep/releases/download/15.2.0/ripgrep-15.2.0-aarch64-unknown-linux-musl.tar.gz"
url_api = "https://api.github.com/repos/BurntSushi/ripgrep/releases/assets/478120060"

[tools."aqua:BurntSushi/ripgrep"."platforms.linux-x64"]
checksum = "sha256:33e15bcf1624b25cdd2a55813a47a2f95dbe126268203e76aa6a585d1e7b149c"
url = "https://github.com/BurntSushi/ripgrep/releases/download/15.2.0/ripgrep-15.2.0-x86_64-unknown-linux-musl.tar.gz"
url_api = "https://api.github.com/repos/BurntSushi/ripgrep/releases/assets/478120097"

[tools."aqua:BurntSushi/ripgrep"."platforms.linux-x64-baseline"]
checksum = "sha256:33e15bcf1624b25cdd2a55813a47a2f95dbe126268203e76aa6a585d1e7b149c"
url = "https://github.com/BurntSushi/ripgrep/releases/download/15.2.0/ripgrep-15.2.0-x86_64-unknown-linux-musl.tar.gz"
url_api = "https://api.github.com/repos/BurntSushi/ripgrep/releases/assets/478120097"

[tools."aqua:BurntSushi/ripgrep"."platforms.linux-x64-musl"]
checksum = "sha256:33e15bcf1624b25cdd2a55813a47a2f95dbe126268203e76aa6a585d1e7b149c"
url = "https://github.com/BurntSushi/ripgrep/releases/download/15.2.0/ripgrep-15.2.0-x86_64-unknown-linux-musl.tar.gz"
url_api = "https://api.github.com/repos/BurntSushi/ripgrep/releases/assets/478120097"

[tools."aqua:BurntSushi/ripgrep"."platforms.linux-x64-musl-baseline"]
checksum = "sha256:33e15bcf1624b25cdd2a55813a47a2f95dbe126268203e76aa6a585d1e7b149c"
url = "https://github.com/BurntSushi/ripgrep/releases/download/15.2.0/ripgrep-15.2.0-x86_64-unknown-linux-musl.tar.gz"
url_api = "https://api.github.com/repos/BurntSushi/ripgrep/releases/assets/478120097"

[tools."aqua:BurntSushi/ripgrep"."platforms.macos-arm64"]
checksum = "sha256:3750b2e93f37e0c692657da574d7019a101c0084da05a790c83fd335bad973e4"
url = "https://github.com/BurntSushi/ripgrep/releases/download/15.2.0/ripgrep-15.2.0-aarch64-apple-darwin.tar.gz"
url_api = "https://api.github.com/repos/BurntSushi/ripgrep/releases/assets/478118851"

[[tools."aqua:ajeetdsouza/zoxide"]]
version = "0.10.0"
backend = "aqua:ajeetdsouza/zoxide"
specifiers = [
    "0.10.0",
    "latest",
]

[tools."aqua:ajeetdsouza/zoxide"."platforms.linux-arm64"]
checksum = "sha256:f1f16c5d6298d63dee467eedea1cdcd8490e43e493bea43acd416dc9033ef641"
url = "https://github.com/ajeetdsouza/zoxide/releases/download/v0.10.0/zoxide-0.10.0-aarch64-unknown-linux-musl.tar.gz"
url_api = "https://api.github.com/repos/ajeetdsouza/zoxide/releases/assets/466316402"

[tools."aqua:ajeetdsouza/zoxide"."platforms.linux-arm64-musl"]
checksum = "sha256:f1f16c5d6298d63dee467eedea1cdcd8490e43e493bea43acd416dc9033ef641"
url = "https://github.com/ajeetdsouza/zoxide/releases/download/v0.10.0/zoxide-0.10.0-aarch64-unknown-linux-musl.tar.gz"
url_api = "https://api.github.com/repos/ajeetdsouza/zoxide/releases/assets/466316402"

[tools."aqua:ajeetdsouza/zoxide"."platforms.linux-x64"]
checksum = "sha256:2d93385b99f3e82cf2701609a1bffcad863fbeb75aa3fe7eb6be4d29be68b1ae"
url = "https://github.com/ajeetdsouza/zoxide/releases/download/v0.10.0/zoxide-0.10.0-x86_64-unknown-linux-musl.tar.gz"
url_api = "https://api.github.com/repos/ajeetdsouza/zoxide/releases/assets/466316293"

[tools."aqua:ajeetdsouza/zoxide"."platforms.linux-x64-baseline"]
checksum = "sha256:2d93385b99f3e82cf2701609a1bffcad863fbeb75aa3fe7eb6be4d29be68b1ae"
url = "https://github.com/ajeetdsouza/zoxide/releases/download/v0.10.0/zoxide-0.10.0-x86_64-unknown-linux-musl.tar.gz"
url_api = "https://api.github.com/repos/ajeetdsouza/zoxide/releases/assets/466316293"

[tools."aqua:ajeetdsouza/zoxide"."platforms.linux-x64-musl"]
checksum = "sha256:2d93385b99f3e82cf2701609a1bffcad863fbeb75aa3fe7eb6be4d29be68b1ae"
url = "https://github.com/ajeetdsouza/zoxide/releases/download/v0.10.0/zoxide-0.10.0-x86_64-unknown-linux-musl.tar.gz"
url_api = "https://api.github.com/repos/ajeetdsouza/zoxide/releases/assets/466316293"

[tools."aqua:ajeetdsouza/zoxide"."platforms.linux-x64-musl-baseline"]
checksum = "sha256:2d93385b99f3e82cf2701609a1bffcad863fbeb75aa3fe7eb6be4d29be68b1ae"
url = "https://github.com/ajeetdsouza/zoxide/releases/download/v0.10.0/zoxide-0.10.0-x86_64-unknown-linux-musl.tar.gz"
url_api = "https://api.github.com/repos/ajeetdsouza/zoxide/releases/assets/466316293"

[tools."aqua:ajeetdsouza/zoxide"."platforms.macos-arm64"]
checksum = "sha256:b55ae6f2f5f23d0a6ccb3bd4eeb2af9c7e0a6556e5255c82100e40305129bbb0"
url = "https://github.com/ajeetdsouza/zoxide/releases/download/v0.10.0/zoxide-0.10.0-aarch64-apple-darwin.tar.gz"
url_api = "https://api.github.com/repos/ajeetdsouza/zoxide/releases/assets/466316174"

[[tools."aqua:astral-sh/uv"]]
version = "0.12.10"
backend = "aqua:astral-sh/uv"
specifiers = [
    "0.12.10",
    "latest",
]

[tools."aqua:astral-sh/uv"."platforms.linux-arm64"]
checksum = "sha256:9ff6b9d4665edcdd3a88dcc73cd1eb641754deb927f14e8c62ebfde6bf4f5f5e"
url = "https://github.com/astral-sh/uv/releases/download/0.12.10/uv-aarch64-unknown-linux-gnu.tar.gz"
url_api = "https://api.github.com/repos/astral-sh/uv/releases/assets/545034356"
provenance = "github-attestations"

[tools."aqua:astral-sh/uv"."platforms.linux-arm64-musl"]
checksum = "sha256:3983cb642fae84eab33756109bb266f126eb61763d8d220dd662af589c5b3da5"
url = "https://github.com/astral-sh/uv/releases/download/0.12.10/uv-aarch64-unknown-linux-musl.tar.gz"
url_api = "https://api.github.com/repos/astral-sh/uv/releases/assets/545034364"
provenance = "github-attestations"

[tools."aqua:astral-sh/uv"."platforms.linux-x64"]
checksum = "sha256:173d95a0c32d18c896c46ba6fafbf3cf9c14ab74b033f81b76c883ef492a976b"
url = "https://github.com/astral-sh/uv/releases/download/0.12.10/uv-x86_64-unknown-linux-gnu.tar.gz"
url_api = "https://api.github.com/repos/astral-sh/uv/releases/assets/545034465"
provenance = "github-attestations"

[tools."aqua:astral-sh/uv"."platforms.linux-x64-baseline"]
checksum = "sha256:173d95a0c32d18c896c46ba6fafbf3cf9c14ab74b033f81b76c883ef492a976b"
url = "https://github.com/astral-sh/uv/releases/download/0.12.10/uv-x86_64-unknown-linux-gnu.tar.gz"
url_api = "https://api.github.com/repos/astral-sh/uv/releases/assets/545034465"
provenance = "github-attestations"

[tools."aqua:astral-sh/uv"."platforms.linux-x64-musl"]
checksum = "sha256:848d0e261119e5b8f35db10164635e46a48bec29ceb1f8ec14a6fc76004973ee"
url = "https://github.com/astral-sh/uv/releases/download/0.12.10/uv-x86_64-unknown-linux-musl.tar.gz"
url_api = "https://api.github.com/repos/astral-sh/uv/releases/assets/545034473"
provenance = "github-attestations"

[tools."aqua:astral-sh/uv"."platforms.linux-x64-musl-baseline"]
checksum = "sha256:848d0e261119e5b8f35db10164635e46a48bec29ceb1f8ec14a6fc76004973ee"
url = "https://github.com/astral-sh/uv/releases/download/0.12.10/uv-x86_64-unknown-linux-musl.tar.gz"
url_api = "https://api.github.com/repos/astral-sh/uv/releases/assets/545034473"
provenance = "github-attestations"

[tools."aqua:astral-sh/uv"."platforms.macos-arm64"]
checksum = "sha256:51c6170e8e3a01cef9f33b94f582b7b81ac65046f55d40afb35f9cff5a68c179"
url = "https://github.com/astral-sh/uv/releases/download/0.12.10/uv-aarch64-apple-darwin.tar.gz"
url_api = "https://api.github.com/repos/astral-sh/uv/releases/assets/545034336"
provenance = "github-attestations"

[[tools."aqua:atuinsh/atuin"]]
version = "18.21.0"
backend = "aqua:atuinsh/atuin"
specifiers = [
    "18.21.0",
    "latest",
]

[tools."aqua:atuinsh/atuin"."platforms.linux-arm64"]
checksum = "sha256:dbdee27f7fc67b92e770d1af89d3b421051499a058cd3e4698d123e0117fa950"
url = "https://github.com/atuinsh/atuin/releases/download/v18.21.0/atuin-aarch64-unknown-linux-gnu.tar.gz"
url_api = "https://api.github.com/repos/atuinsh/atuin/releases/assets/538647911"
provenance = "github-attestations"

[tools."aqua:atuinsh/atuin"."platforms.linux-arm64-musl"]
checksum = "sha256:9b8a76df370eba71ea0809d4df74f79351be2314c1ed90cae229499e69ca2ee1"
url = "https://github.com/atuinsh/atuin/releases/download/v18.21.0/atuin-aarch64-unknown-linux-musl.tar.gz"
url_api = "https://api.github.com/repos/atuinsh/atuin/releases/assets/538647921"
provenance = "github-attestations"

[tools."aqua:atuinsh/atuin"."platforms.linux-x64"]
checksum = "sha256:434d82b4c5f691b6f0423f30a4b931df4afded19b05a795a280192fdf8a61a2d"
url = "https://github.com/atuinsh/atuin/releases/download/v18.21.0/atuin-x86_64-unknown-linux-gnu.tar.gz"
url_api = "https://api.github.com/repos/atuinsh/atuin/releases/assets/538647975"
provenance = "github-attestations"

[tools."aqua:atuinsh/atuin"."platforms.linux-x64-baseline"]
checksum = "sha256:434d82b4c5f691b6f0423f30a4b931df4afded19b05a795a280192fdf8a61a2d"
url = "https://github.com/atuinsh/atuin/releases/download/v18.21.0/atuin-x86_64-unknown-linux-gnu.tar.gz"
url_api = "https://api.github.com/repos/atuinsh/atuin/releases/assets/538647975"
provenance = "github-attestations"

[tools."aqua:atuinsh/atuin"."platforms.linux-x64-musl"]
checksum = "sha256:792e1867d113ba9bebec94996b3160164aba738e3d23987b3cddb9dee976ac08"
url = "https://github.com/atuinsh/atuin/releases/download/v18.21.0/atuin-x86_64-unknown-linux-musl.tar.gz"
url_api = "https://api.github.com/repos/atuinsh/atuin/releases/assets/538647980"
provenance = "github-attestations"

[tools."aqua:atuinsh/atuin"."platforms.linux-x64-musl-baseline"]
checksum = "sha256:792e1867d113ba9bebec94996b3160164aba738e3d23987b3cddb9dee976ac08"
url = "https://github.com/atuinsh/atuin/releases/download/v18.21.0/atuin-x86_64-unknown-linux-musl.tar.gz"
url_api = "https://api.github.com/repos/atuinsh/atuin/releases/assets/538647980"
provenance = "github-attestations"

[tools."aqua:atuinsh/atuin"."platforms.macos-arm64"]
checksum = "sha256:c78ac159c89c38ee0b56eb6a11d9c0a7340de3a03b98fbbccd44f8e2d91e6e6e"
url = "https://github.com/atuinsh/atuin/releases/download/v18.21.0/atuin-aarch64-apple-darwin.tar.gz"
url_api = "https://api.github.com/repos/atuinsh/atuin/releases/assets/538647916"
provenance = "github-attestations"

[[tools."aqua:cli/cli"]]
version = "2.100.0"
backend = "aqua:cli/cli"
specifiers = [
    "2.100.0",
    "latest",
]

[tools."aqua:cli/cli"."platforms.linux-arm64"]
checksum = "sha256:ea4e7a581a32ccad6cc7923cb1576ac5859ba4b9a16ab22eb8f8a96e78e2e961"
url = "https://github.com/cli/cli/releases/download/v2.100.0/gh_2.100.0_linux_arm64.tar.gz"
url_api = "https://api.github.com/repos/cli/cli/releases/assets/542974279"
provenance = "github-attestations"

[tools."aqua:cli/cli"."platforms.linux-arm64-musl"]
checksum = "sha256:ea4e7a581a32ccad6cc7923cb1576ac5859ba4b9a16ab22eb8f8a96e78e2e961"
url = "https://github.com/cli/cli/releases/download/v2.100.0/gh_2.100.0_linux_arm64.tar.gz"
url_api = "https://api.github.com/repos/cli/cli/releases/assets/542974279"
provenance = "github-attestations"

[tools."aqua:cli/cli"."platforms.linux-x64"]
checksum = "sha256:e4d4bb4498e8d007abe545b6568926793ace1b6447da598294a610018cb164be"
url = "https://github.com/cli/cli/releases/download/v2.100.0/gh_2.100.0_linux_amd64.tar.gz"
url_api = "https://api.github.com/repos/cli/cli/releases/assets/542974264"
provenance = "github-attestations"

[tools."aqua:cli/cli"."platforms.linux-x64-baseline"]
checksum = "sha256:e4d4bb4498e8d007abe545b6568926793ace1b6447da598294a610018cb164be"
url = "https://github.com/cli/cli/releases/download/v2.100.0/gh_2.100.0_linux_amd64.tar.gz"
url_api = "https://api.github.com/repos/cli/cli/releases/assets/542974264"
provenance = "github-attestations"

[tools."aqua:cli/cli"."platforms.linux-x64-musl"]
checksum = "sha256:e4d4bb4498e8d007abe545b6568926793ace1b6447da598294a610018cb164be"
url = "https://github.com/cli/cli/releases/download/v2.100.0/gh_2.100.0_linux_amd64.tar.gz"
url_api = "https://api.github.com/repos/cli/cli/releases/assets/542974264"
provenance = "github-attestations"

[tools."aqua:cli/cli"."platforms.linux-x64-musl-baseline"]
checksum = "sha256:e4d4bb4498e8d007abe545b6568926793ace1b6447da598294a610018cb164be"
url = "https://github.com/cli/cli/releases/download/v2.100.0/gh_2.100.0_linux_amd64.tar.gz"
url_api = "https://api.github.com/repos/cli/cli/releases/assets/542974264"
provenance = "github-attestations"

[tools."aqua:cli/cli"."platforms.macos-arm64"]
checksum = "sha256:45f9a62da2f6e641a7fad57e2ce39656dfd7ef331372d80a2a2aed65abb01642"
url = "https://github.com/cli/cli/releases/download/v2.100.0/gh_2.100.0_macOS_arm64.zip"
url_api = "https://api.github.com/repos/cli/cli/releases/assets/542974295"
provenance = "github-attestations"

[[tools."aqua:dandavison/delta"]]
version = "0.19.2"
backend = "aqua:dandavison/delta"
specifiers = [
    "0.19.2",
    "latest",
]

[tools."aqua:dandavison/delta"."platforms.linux-arm64"]
checksum = "sha256:0bfce159a5cddd5feb3d6db4a616d883ff51253ce08ac7ec11cb1d208cfaab9e"
url = "https://github.com/dandavison/delta/releases/download/0.19.2/delta-0.19.2-aarch64-unknown-linux-gnu.tar.gz"
url_api = "https://api.github.com/repos/dandavison/delta/releases/assets/383662337"

[tools."aqua:dandavison/delta"."platforms.linux-x64"]
checksum = "sha256:8e695c5f586a8c53d6c3b01be0b4a422ed218bfed2a56191caebe373a1c18ab2"
url = "https://github.com/dandavison/delta/releases/download/0.19.2/delta-0.19.2-x86_64-unknown-linux-gnu.tar.gz"
url_api = "https://api.github.com/repos/dandavison/delta/releases/assets/383662069"

[tools."aqua:dandavison/delta"."platforms.linux-x64-baseline"]
checksum = "sha256:8e695c5f586a8c53d6c3b01be0b4a422ed218bfed2a56191caebe373a1c18ab2"
url = "https://github.com/dandavison/delta/releases/download/0.19.2/delta-0.19.2-x86_64-unknown-linux-gnu.tar.gz"
url_api = "https://api.github.com/repos/dandavison/delta/releases/assets/383662069"

[tools."aqua:dandavison/delta"."platforms.linux-x64-musl"]
checksum = "sha256:f1ea01ca7728ce3462debc359f39dfc7cbbc1a63224b71fefabf92042864aa1b"
url = "https://github.com/dandavison/delta/releases/download/0.19.2/delta-0.19.2-x86_64-unknown-linux-musl.tar.gz"
url_api = "https://api.github.com/repos/dandavison/delta/releases/assets/383662298"

[tools."aqua:dandavison/delta"."platforms.linux-x64-musl-baseline"]
checksum = "sha256:f1ea01ca7728ce3462debc359f39dfc7cbbc1a63224b71fefabf92042864aa1b"
url = "https://github.com/dandavison/delta/releases/download/0.19.2/delta-0.19.2-x86_64-unknown-linux-musl.tar.gz"
url_api = "https://api.github.com/repos/dandavison/delta/releases/assets/383662298"

[tools."aqua:dandavison/delta"."platforms.macos-arm64"]
checksum = "sha256:9be36612a5a13e9e386dc498fb8e50dc87c72ee42b63db0ea05b32f99a72a69a"
url = "https://github.com/dandavison/delta/releases/download/0.19.2/delta-0.19.2-aarch64-apple-darwin.tar.gz"
url_api = "https://api.github.com/repos/dandavison/delta/releases/assets/383662310"

[[tools."aqua:gitui-org/gitui"]]
version = "0.28.1"
backend = "aqua:gitui-org/gitui"
specifiers = [
    "0.28.1",
    "latest",
]

[tools."aqua:gitui-org/gitui"."platforms.linux-arm64"]
checksum = "sha256:2a640da05b73e9152a7bf92bfd7c23acd9d60438f4f2cabb62357014a5fd7c28"
url = "https://github.com/gitui-org/gitui/releases/download/v0.28.1/gitui-linux-aarch64.tar.gz"
url_api = "https://api.github.com/repos/gitui-org/gitui/releases/assets/380791456"

[tools."aqua:gitui-org/gitui"."platforms.linux-arm64-musl"]
checksum = "sha256:2a640da05b73e9152a7bf92bfd7c23acd9d60438f4f2cabb62357014a5fd7c28"
url = "https://github.com/gitui-org/gitui/releases/download/v0.28.1/gitui-linux-aarch64.tar.gz"
url_api = "https://api.github.com/repos/gitui-org/gitui/releases/assets/380791456"

[tools."aqua:gitui-org/gitui"."platforms.linux-x64"]
checksum = "sha256:f6149b9ae203397158b0c89c13cfde718e7121d3d3cd2ebc597f93d6628d9b5b"
url = "https://github.com/gitui-org/gitui/releases/download/v0.28.1/gitui-linux-x86_64.tar.gz"
url_api = "https://api.github.com/repos/gitui-org/gitui/releases/assets/380787855"

[tools."aqua:gitui-org/gitui"."platforms.linux-x64-baseline"]
checksum = "sha256:f6149b9ae203397158b0c89c13cfde718e7121d3d3cd2ebc597f93d6628d9b5b"
url = "https://github.com/gitui-org/gitui/releases/download/v0.28.1/gitui-linux-x86_64.tar.gz"
url_api = "https://api.github.com/repos/gitui-org/gitui/releases/assets/380787855"

[tools."aqua:gitui-org/gitui"."platforms.linux-x64-musl"]
checksum = "sha256:f6149b9ae203397158b0c89c13cfde718e7121d3d3cd2ebc597f93d6628d9b5b"
url = "https://github.com/gitui-org/gitui/releases/download/v0.28.1/gitui-linux-x86_64.tar.gz"
url_api = "https://api.github.com/repos/gitui-org/gitui/releases/assets/380787855"

[tools."aqua:gitui-org/gitui"."platforms.linux-x64-musl-baseline"]
checksum = "sha256:f6149b9ae203397158b0c89c13cfde718e7121d3d3cd2ebc597f93d6628d9b5b"
url = "https://github.com/gitui-org/gitui/releases/download/v0.28.1/gitui-linux-x86_64.tar.gz"
url_api = "https://api.github.com/repos/gitui-org/gitui/releases/assets/380787855"

[tools."aqua:gitui-org/gitui"."platforms.macos-arm64"]
checksum = "sha256:3b519a593383841289361bacf579d4a222169aa7ebbdeae6cc449d488d8bb967"
url = "https://github.com/gitui-org/gitui/releases/download/v0.28.1/gitui-mac.tar.gz"
url_api = "https://api.github.com/repos/gitui-org/gitui/releases/assets/380793603"

[[tools."aqua:jesseduffield/lazygit"]]
version = "0.64.1"
backend = "aqua:jesseduffield/lazygit"
specifiers = [
    "0.64.1",
    "latest",
]

[tools."aqua:jesseduffield/lazygit"."platforms.linux-arm64"]
checksum = "sha256:8b7ca3b344e60340ad1f89f29b9868ee39bcaba5bb92ee818bbe65476bb8b6e7"
url = "https://github.com/jesseduffield/lazygit/releases/download/v0.64.1/lazygit_0.64.1_linux_arm64.tar.gz"
url_api = "https://api.github.com/repos/jesseduffield/lazygit/releases/assets/511894160"

[tools."aqua:jesseduffield/lazygit"."platforms.linux-arm64-musl"]
checksum = "sha256:8b7ca3b344e60340ad1f89f29b9868ee39bcaba5bb92ee818bbe65476bb8b6e7"
url = "https://github.com/jesseduffield/lazygit/releases/download/v0.64.1/lazygit_0.64.1_linux_arm64.tar.gz"
url_api = "https://api.github.com/repos/jesseduffield/lazygit/releases/assets/511894160"

[tools."aqua:jesseduffield/lazygit"."platforms.linux-x64"]
checksum = "sha256:f8ea237c41f194cd799b48505518bfdaae4edf5a2ad6bd3d898e939785ee4532"
url = "https://github.com/jesseduffield/lazygit/releases/download/v0.64.1/lazygit_0.64.1_linux_x86_64.tar.gz"
url_api = "https://api.github.com/repos/jesseduffield/lazygit/releases/assets/511894209"

[tools."aqua:jesseduffield/lazygit"."platforms.linux-x64-baseline"]
checksum = "sha256:f8ea237c41f194cd799b48505518bfdaae4edf5a2ad6bd3d898e939785ee4532"
url = "https://github.com/jesseduffield/lazygit/releases/download/v0.64.1/lazygit_0.64.1_linux_x86_64.tar.gz"
url_api = "https://api.github.com/repos/jesseduffield/lazygit/releases/assets/511894209"

[tools."aqua:jesseduffield/lazygit"."platforms.linux-x64-musl"]
checksum = "sha256:f8ea237c41f194cd799b48505518bfdaae4edf5a2ad6bd3d898e939785ee4532"
url = "https://github.com/jesseduffield/lazygit/releases/download/v0.64.1/lazygit_0.64.1_linux_x86_64.tar.gz"
url_api = "https://api.github.com/repos/jesseduffield/lazygit/releases/assets/511894209"

[tools."aqua:jesseduffield/lazygit"."platforms.linux-x64-musl-baseline"]
checksum = "sha256:f8ea237c41f194cd799b48505518bfdaae4edf5a2ad6bd3d898e939785ee4532"
url = "https://github.com/jesseduffield/lazygit/releases/download/v0.64.1/lazygit_0.64.1_linux_x86_64.tar.gz"
url_api = "https://api.github.com/repos/jesseduffield/lazygit/releases/assets/511894209"

[tools."aqua:jesseduffield/lazygit"."platforms.macos-arm64"]
checksum = "sha256:a106b4c1bf8ab7539c4afb40a01cbde263a96513cdcb8bf7630278f07e88cd99"
url = "https://github.com/jesseduffield/lazygit/releases/download/v0.64.1/lazygit_0.64.1_darwin_arm64.tar.gz"
url_api = "https://api.github.com/repos/jesseduffield/lazygit/releases/assets/511894212"

[[tools."aqua:junegunn/fzf"]]
version = "0.74.3"
backend = "aqua:junegunn/fzf"
specifiers = [
    "0.74.3",
    "latest",
]

[tools."aqua:junegunn/fzf"."platforms.linux-arm64"]
checksum = "sha256:4a17a17b46bd0c4873e995533de508995c11572c0be0664a5dbcf13f60463046"
url = "https://github.com/junegunn/fzf/releases/download/v0.74.3/fzf-0.74.3-linux_arm64.tar.gz"
url_api = "https://api.github.com/repos/junegunn/fzf/releases/assets/517537065"

[tools."aqua:junegunn/fzf"."platforms.linux-arm64-musl"]
checksum = "sha256:4a17a17b46bd0c4873e995533de508995c11572c0be0664a5dbcf13f60463046"
url = "https://github.com/junegunn/fzf/releases/download/v0.74.3/fzf-0.74.3-linux_arm64.tar.gz"
url_api = "https://api.github.com/repos/junegunn/fzf/releases/assets/517537065"

[tools."aqua:junegunn/fzf"."platforms.linux-x64"]
checksum = "sha256:3501a595e4b5c40a6b047340a0e8f805c46fd4e61ef95ef8a136ba8c61cf6f22"
url = "https://github.com/junegunn/fzf/releases/download/v0.74.3/fzf-0.74.3-linux_amd64.tar.gz"
url_api = "https://api.github.com/repos/junegunn/fzf/releases/assets/517537066"

[tools."aqua:junegunn/fzf"."platforms.linux-x64-baseline"]
checksum = "sha256:3501a595e4b5c40a6b047340a0e8f805c46fd4e61ef95ef8a136ba8c61cf6f22"
url = "https://github.com/junegunn/fzf/releases/download/v0.74.3/fzf-0.74.3-linux_amd64.tar.gz"
url_api = "https://api.github.com/repos/junegunn/fzf/releases/assets/517537066"

[tools."aqua:junegunn/fzf"."platforms.linux-x64-musl"]
checksum = "sha256:3501a595e4b5c40a6b047340a0e8f805c46fd4e61ef95ef8a136ba8c61cf6f22"
url = "https://github.com/junegunn/fzf/releases/download/v0.74.3/fzf-0.74.3-linux_amd64.tar.gz"
url_api = "https://api.github.com/repos/junegunn/fzf/releases/assets/517537066"

[tools."aqua:junegunn/fzf"."platforms.linux-x64-musl-baseline"]
checksum = "sha256:3501a595e4b5c40a6b047340a0e8f805c46fd4e61ef95ef8a136ba8c61cf6f22"
url = "https://github.com/junegunn/fzf/releases/download/v0.74.3/fzf-0.74.3-linux_amd64.tar.gz"
url_api = "https://api.github.com/repos/junegunn/fzf/releases/assets/517537066"

[tools."aqua:junegunn/fzf"."platforms.macos-arm64"]
checksum = "sha256:1f8501cea4f9c0c2d6110d0ff75d0ec9451cd9d7524d9a26244a154ea89f3bd5"
url = "https://github.com/junegunn/fzf/releases/download/v0.74.3/fzf-0.74.3-darwin_arm64.tar.gz"
url_api = "https://api.github.com/repos/junegunn/fzf/releases/assets/517537091"

[[tools."aqua:mikefarah/yq"]]
version = "4.53.6"
backend = "aqua:mikefarah/yq"
specifiers = [
    "4.53.6",
    "latest",
]

[tools."aqua:mikefarah/yq"."platforms.linux-arm64"]
checksum = "sha256:88a1016bc1d657375a35864e4f44b6f333df8ff97b559f51bba0adcb2169df09"
url = "https://github.com/mikefarah/yq/releases/download/v4.53.6/yq_linux_arm64"
url_api = "https://api.github.com/repos/mikefarah/yq/releases/assets/522028007"
provenance = "cosign"

[tools."aqua:mikefarah/yq"."platforms.linux-arm64-musl"]
checksum = "sha256:88a1016bc1d657375a35864e4f44b6f333df8ff97b559f51bba0adcb2169df09"
url = "https://github.com/mikefarah/yq/releases/download/v4.53.6/yq_linux_arm64"
url_api = "https://api.github.com/repos/mikefarah/yq/releases/assets/522028007"
provenance = "cosign"

[tools."aqua:mikefarah/yq"."platforms.linux-x64"]
checksum = "sha256:c5f056448f973ae7d39b5401949648a78f2dc1947d6a8eb65be60d5c504b9385"
url = "https://github.com/mikefarah/yq/releases/download/v4.53.6/yq_linux_amd64"
url_api = "https://api.github.com/repos/mikefarah/yq/releases/assets/522028022"
provenance = "cosign"

[tools."aqua:mikefarah/yq"."platforms.linux-x64-baseline"]
checksum = "sha256:c5f056448f973ae7d39b5401949648a78f2dc1947d6a8eb65be60d5c504b9385"
url = "https://github.com/mikefarah/yq/releases/download/v4.53.6/yq_linux_amd64"
url_api = "https://api.github.com/repos/mikefarah/yq/releases/assets/522028022"
provenance = "cosign"

[tools."aqua:mikefarah/yq"."platforms.linux-x64-musl"]
checksum = "sha256:c5f056448f973ae7d39b5401949648a78f2dc1947d6a8eb65be60d5c504b9385"
url = "https://github.com/mikefarah/yq/releases/download/v4.53.6/yq_linux_amd64"
url_api = "https://api.github.com/repos/mikefarah/yq/releases/assets/522028022"
provenance = "cosign"

[tools."aqua:mikefarah/yq"."platforms.linux-x64-musl-baseline"]
checksum = "sha256:c5f056448f973ae7d39b5401949648a78f2dc1947d6a8eb65be60d5c504b9385"
url = "https://github.com/mikefarah/yq/releases/download/v4.53.6/yq_linux_amd64"
url_api = "https://api.github.com/repos/mikefarah/yq/releases/assets/522028022"
provenance = "cosign"

[tools."aqua:mikefarah/yq"."platforms.macos-arm64"]
checksum = "sha256:cceb0b8d71ea5294334121f8429f33f92b920e7217d904a2f9f35443968ac424"
url = "https://github.com/mikefarah/yq/releases/download/v4.53.6/yq_darwin_arm64"
url_api = "https://api.github.com/repos/mikefarah/yq/releases/assets/522028033"
provenance = "cosign"

[[tools."aqua:sharkdp/bat"]]
version = "0.26.1"
backend = "aqua:sharkdp/bat"
specifiers = [
    "0.26.1",
    "latest",
]

[tools."aqua:sharkdp/bat"."platforms.linux-arm64"]
checksum = "sha256:422eb73e11c854fddd99f5ca8461c2f1d6e6dce0a2a8c3d5daade5ffcb6564aa"
url = "https://github.com/sharkdp/bat/releases/download/v0.26.1/bat-v0.26.1-aarch64-unknown-linux-gnu.tar.gz"
url_api = "https://api.github.com/repos/sharkdp/bat/releases/assets/323548647"

[tools."aqua:sharkdp/bat"."platforms.linux-arm64-musl"]
checksum = "sha256:6369242c584065f195fb20cb36fbd7cb63ae690605bbe89868a7596b596c2c23"
url = "https://github.com/sharkdp/bat/releases/download/v0.26.1/bat-v0.26.1-aarch64-unknown-linux-musl.tar.gz"
url_api = "https://api.github.com/repos/sharkdp/bat/releases/assets/323548153"

[tools."aqua:sharkdp/bat"."platforms.linux-x64"]
checksum = "sha256:726f04c8f576a7fd18b7634f1bbf2f915c43494c1c0f013baa3287edb0d5a2a3"
url = "https://github.com/sharkdp/bat/releases/download/v0.26.1/bat-v0.26.1-x86_64-unknown-linux-gnu.tar.gz"
url_api = "https://api.github.com/repos/sharkdp/bat/releases/assets/323549181"

[tools."aqua:sharkdp/bat"."platforms.linux-x64-baseline"]
checksum = "sha256:726f04c8f576a7fd18b7634f1bbf2f915c43494c1c0f013baa3287edb0d5a2a3"
url = "https://github.com/sharkdp/bat/releases/download/v0.26.1/bat-v0.26.1-x86_64-unknown-linux-gnu.tar.gz"
url_api = "https://api.github.com/repos/sharkdp/bat/releases/assets/323549181"

[tools."aqua:sharkdp/bat"."platforms.linux-x64-musl"]
checksum = "sha256:0dcd8ac79732c0d5b136f11f4ee00e581440e16a44eab5b3105b611bbf2cf191"
url = "https://github.com/sharkdp/bat/releases/download/v0.26.1/bat-v0.26.1-x86_64-unknown-linux-musl.tar.gz"
url_api = "https://api.github.com/repos/sharkdp/bat/releases/assets/323549429"

[tools."aqua:sharkdp/bat"."platforms.linux-x64-musl-baseline"]
checksum = "sha256:0dcd8ac79732c0d5b136f11f4ee00e581440e16a44eab5b3105b611bbf2cf191"
url = "https://github.com/sharkdp/bat/releases/download/v0.26.1/bat-v0.26.1-x86_64-unknown-linux-musl.tar.gz"
url_api = "https://api.github.com/repos/sharkdp/bat/releases/assets/323549429"

[tools."aqua:sharkdp/bat"."platforms.macos-arm64"]
checksum = "sha256:e30beff26779c9bf60bb541e1d79046250cb74378f2757f8eb250afddb19e114"
url = "https://github.com/sharkdp/bat/releases/download/v0.26.1/bat-v0.26.1-aarch64-apple-darwin.tar.gz"
url_api = "https://api.github.com/repos/sharkdp/bat/releases/assets/323548442"

[[tools."aqua:sharkdp/fd"]]
version = "10.5.0"
backend = "aqua:sharkdp/fd"
specifiers = [
    "10.5.0",
    "latest",
]

[tools."aqua:sharkdp/fd"."platforms.linux-arm64"]
checksum = "sha256:c0ee43802e3313a317c5af2f4eabd6ba13eeedd595af9775f05e18a13ac4f52c"
url = "https://github.com/sharkdp/fd/releases/download/v10.5.0/fd-v10.5.0-aarch64-unknown-linux-gnu.tar.gz"
url_api = "https://api.github.com/repos/sharkdp/fd/releases/assets/530482307"

[tools."aqua:sharkdp/fd"."platforms.linux-arm64-musl"]
checksum = "sha256:d76c4317f7d5dba69f8a2a15856c90c777e7f0dd4e85f0de8c76de6992c374d4"
url = "https://github.com/sharkdp/fd/releases/download/v10.5.0/fd-v10.5.0-aarch64-unknown-linux-musl.tar.gz"
url_api = "https://api.github.com/repos/sharkdp/fd/releases/assets/530481810"

[tools."aqua:sharkdp/fd"."platforms.linux-x64"]
checksum = "sha256:a1259cd129636efbc3fef123525c1b49e88fe5088c012630983c310e52fdfa95"
url = "https://github.com/sharkdp/fd/releases/download/v10.5.0/fd-v10.5.0-x86_64-unknown-linux-gnu.tar.gz"
url_api = "https://api.github.com/repos/sharkdp/fd/releases/assets/530481615"

[tools."aqua:sharkdp/fd"."platforms.linux-x64-baseline"]
checksum = "sha256:a1259cd129636efbc3fef123525c1b49e88fe5088c012630983c310e52fdfa95"
url = "https://github.com/sharkdp/fd/releases/download/v10.5.0/fd-v10.5.0-x86_64-unknown-linux-gnu.tar.gz"
url_api = "https://api.github.com/repos/sharkdp/fd/releases/assets/530481615"

[tools."aqua:sharkdp/fd"."platforms.linux-x64-musl"]
checksum = "sha256:761c72dc8e120d85b22292063be8a796e2eeb20eb3e4f38b8fa2343ccf3514a7"
url = "https://github.com/sharkdp/fd/releases/download/v10.5.0/fd-v10.5.0-x86_64-unknown-linux-musl.tar.gz"
url_api = "https://api.github.com/repos/sharkdp/fd/releases/assets/530481315"

[tools."aqua:sharkdp/fd"."platforms.linux-x64-musl-baseline"]
checksum = "sha256:761c72dc8e120d85b22292063be8a796e2eeb20eb3e4f38b8fa2343ccf3514a7"
url = "https://github.com/sharkdp/fd/releases/download/v10.5.0/fd-v10.5.0-x86_64-unknown-linux-musl.tar.gz"
url_api = "https://api.github.com/repos/sharkdp/fd/releases/assets/530481315"

[tools."aqua:sharkdp/fd"."platforms.macos-arm64"]
checksum = "sha256:b67e1836c468e42e411984b56e52fa7abec08c2bd22c867398e7cc134aac5e12"
url = "https://github.com/sharkdp/fd/releases/download/v10.5.0/fd-v10.5.0-aarch64-apple-darwin.tar.gz"
url_api = "https://api.github.com/repos/sharkdp/fd/releases/assets/530481346"

[[tools."aqua:twpayne/chezmoi"]]
version = "2.72.1"
backend = "aqua:twpayne/chezmoi"
specifiers = [
    "2.72.1",
    "latest",
]

[tools."aqua:twpayne/chezmoi"."platforms.linux-arm64"]
checksum = "sha256:75508ef41216b6d64f3145986b751729d7f92d09c6bad77d51cf2895ab35a508"
url = "https://github.com/twpayne/chezmoi/releases/download/v2.72.1/chezmoi_2.72.1_linux_arm64.tar.gz"
url_api = "https://api.github.com/repos/twpayne/chezmoi/releases/assets/536653653"
provenance = "cosign"

[tools."aqua:twpayne/chezmoi"."platforms.linux-arm64-musl"]
checksum = "sha256:75508ef41216b6d64f3145986b751729d7f92d09c6bad77d51cf2895ab35a508"
url = "https://github.com/twpayne/chezmoi/releases/download/v2.72.1/chezmoi_2.72.1_linux_arm64.tar.gz"
url_api = "https://api.github.com/repos/twpayne/chezmoi/releases/assets/536653653"
provenance = "cosign"

[tools."aqua:twpayne/chezmoi"."platforms.linux-x64"]
checksum = "sha256:9f97d32caca166e5c92160ec3a9325519809c38963121cef38173142065c981f"
url = "https://github.com/twpayne/chezmoi/releases/download/v2.72.1/chezmoi_2.72.1_linux-glibc_amd64.tar.gz"
url_api = "https://api.github.com/repos/twpayne/chezmoi/releases/assets/536653696"
provenance = "cosign"

[tools."aqua:twpayne/chezmoi"."platforms.linux-x64-baseline"]
checksum = "sha256:9f97d32caca166e5c92160ec3a9325519809c38963121cef38173142065c981f"
url = "https://github.com/twpayne/chezmoi/releases/download/v2.72.1/chezmoi_2.72.1_linux-glibc_amd64.tar.gz"
url_api = "https://api.github.com/repos/twpayne/chezmoi/releases/assets/536653696"
provenance = "cosign"

[tools."aqua:twpayne/chezmoi"."platforms.linux-x64-musl"]
checksum = "sha256:b961e2972d6fcd1002f9b986d4a61dc5da288e96aab226434fd5b20a7de80cf9"
url = "https://github.com/twpayne/chezmoi/releases/download/v2.72.1/chezmoi_2.72.1_linux-musl_amd64.tar.gz"
url_api = "https://api.github.com/repos/twpayne/chezmoi/releases/assets/536653704"
provenance = "cosign"

[tools."aqua:twpayne/chezmoi"."platforms.linux-x64-musl-baseline"]
checksum = "sha256:b961e2972d6fcd1002f9b986d4a61dc5da288e96aab226434fd5b20a7de80cf9"
url = "https://github.com/twpayne/chezmoi/releases/download/v2.72.1/chezmoi_2.72.1_linux-musl_amd64.tar.gz"
url_api = "https://api.github.com/repos/twpayne/chezmoi/releases/assets/536653704"
provenance = "cosign"

[tools."aqua:twpayne/chezmoi"."platforms.macos-arm64"]
checksum = "sha256:938d422091cc001e68fe3fd7efea9b923a36facbf2b8db67063639abbaf72de2"
url = "https://github.com/twpayne/chezmoi/releases/download/v2.72.1/chezmoi_2.72.1_darwin_arm64.tar.gz"
url_api = "https://api.github.com/repos/twpayne/chezmoi/releases/assets/536653589"
provenance = "cosign"

[[tools.bun]]
version = "1.3.14"
backend = "core:bun"
specifiers = ["1.3.14"]

[tools.bun."platforms.linux-arm64"]
checksum = "sha256:a27ffb63a8310375836e0d6f668ae17fa8d8d18b88c37c821c65331973a19a3b"
url = "https://github.com/oven-sh/bun/releases/download/bun-v1.3.14/bun-linux-aarch64.zip"

[tools.bun."platforms.linux-arm64-musl"]
checksum = "sha256:b98e0ad3625c5c00d1d5b5ff55605c7adddbfae151861e68ade57b2d3b8703bb"
url = "https://github.com/oven-sh/bun/releases/download/bun-v1.3.14/bun-linux-aarch64-musl.zip"

[tools.bun."platforms.linux-x64"]
checksum = "sha256:951ee2aee855f08595aeec6225226a298d3fea83a3dcd6465c09cbccdf7e848f"
url = "https://github.com/oven-sh/bun/releases/download/bun-v1.3.14/bun-linux-x64.zip"

[tools.bun."platforms.linux-x64-baseline"]
checksum = "sha256:a063908ae08b7852ca10939bbdc6ceed3ddabce8fb9402dce83d65d73b36e6c7"
url = "https://github.com/oven-sh/bun/releases/download/bun-v1.3.14/bun-linux-x64-baseline.zip"

[tools.bun."platforms.linux-x64-musl"]
checksum = "sha256:14bd9aedeebf1dba67e8def9531c89bc989ecfdf1de42e5bfcaf1b8cd9294719"
url = "https://github.com/oven-sh/bun/releases/download/bun-v1.3.14/bun-linux-x64-musl.zip"

[tools.bun."platforms.linux-x64-musl-baseline"]
checksum = "sha256:56a7d6806cf155536c0178f0ea5fbd098e684fa509ebdb4fc0a7e19fb65382dc"
url = "https://github.com/oven-sh/bun/releases/download/bun-v1.3.14/bun-linux-x64-musl-baseline.zip"

[tools.bun."platforms.macos-arm64"]
checksum = "sha256:d8b96221828ad6f97ac7ac0ab7e95872341af763001e8803e8267652c2652620"
url = "https://github.com/oven-sh/bun/releases/download/bun-v1.3.14/bun-darwin-aarch64.zip"

[[tools."github:joshmedeski/sesh"]]
version = "2.29.0"
backend = "github:joshmedeski/sesh"
specifiers = ["2.29.0"]

[tools."github:joshmedeski/sesh"."platforms.linux-arm64"]
checksum = "sha256:003e3ed81a95f991b9b38c1d3246371a539844775c96e6324ac76dfbd1f90494"
url = "https://github.com/joshmedeski/sesh/releases/download/v2.29.0/sesh_Linux_arm64.tar.gz"
url_api = "https://api.github.com/repos/joshmedeski/sesh/releases/assets/541315371"

[tools."github:joshmedeski/sesh"."platforms.linux-arm64-musl"]
checksum = "sha256:003e3ed81a95f991b9b38c1d3246371a539844775c96e6324ac76dfbd1f90494"
url = "https://github.com/joshmedeski/sesh/releases/download/v2.29.0/sesh_Linux_arm64.tar.gz"
url_api = "https://api.github.com/repos/joshmedeski/sesh/releases/assets/541315371"

[tools."github:joshmedeski/sesh"."platforms.linux-x64"]
checksum = "sha256:ff503505c9f6ed890a6af30c952ae24a4722c7d4e10a2f98648b416ad71d09c6"
url = "https://github.com/joshmedeski/sesh/releases/download/v2.29.0/sesh_Linux_x86_64.tar.gz"
url_api = "https://api.github.com/repos/joshmedeski/sesh/releases/assets/541315360"

[tools."github:joshmedeski/sesh"."platforms.linux-x64-baseline"]
checksum = "sha256:ff503505c9f6ed890a6af30c952ae24a4722c7d4e10a2f98648b416ad71d09c6"
url = "https://github.com/joshmedeski/sesh/releases/download/v2.29.0/sesh_Linux_x86_64.tar.gz"
url_api = "https://api.github.com/repos/joshmedeski/sesh/releases/assets/541315360"

[tools."github:joshmedeski/sesh"."platforms.linux-x64-musl"]
checksum = "sha256:ff503505c9f6ed890a6af30c952ae24a4722c7d4e10a2f98648b416ad71d09c6"
url = "https://github.com/joshmedeski/sesh/releases/download/v2.29.0/sesh_Linux_x86_64.tar.gz"
url_api = "https://api.github.com/repos/joshmedeski/sesh/releases/assets/541315360"

[tools."github:joshmedeski/sesh"."platforms.linux-x64-musl-baseline"]
checksum = "sha256:ff503505c9f6ed890a6af30c952ae24a4722c7d4e10a2f98648b416ad71d09c6"
url = "https://github.com/joshmedeski/sesh/releases/download/v2.29.0/sesh_Linux_x86_64.tar.gz"
url_api = "https://api.github.com/repos/joshmedeski/sesh/releases/assets/541315360"

[tools."github:joshmedeski/sesh"."platforms.macos-arm64"]
checksum = "sha256:c3062184a9a423a123294b03ac27065d144e0052db11ddd500f88680f22ca123"
url = "https://github.com/joshmedeski/sesh/releases/download/v2.29.0/sesh_Darwin_arm64.tar.gz"
url_api = "https://api.github.com/repos/joshmedeski/sesh/releases/assets/541315358"

[[tools.node]]
version = "24.20.0"
backend = "core:node"
specifiers = ["24.20.0"]

[tools.node."platforms.linux-arm64"]
checksum = "sha256:3515603e2487879a39bc75716f1a2affd027500c64ba50e845cf72cb33219013"
url = "https://nodejs.org/dist/v24.20.0/node-v24.20.0-linux-arm64.tar.gz"

[tools.node."platforms.linux-arm64-musl"]
checksum = "sha256:2c8c507ccb0f20812d9526ba8ca454b1652aadef68fc8bad06f07fb1122dd1ef"
url = "https://unofficial-builds.nodejs.org/download/release/v24.20.0/node-v24.20.0-linux-arm64-musl.tar.gz"

[tools.node."platforms.linux-x64"]
checksum = "sha256:855d581f8a4eb1a8117e3426de25fe02770592febcfb31369aee1ffbfee9e8ec"
url = "https://nodejs.org/dist/v24.20.0/node-v24.20.0-linux-x64.tar.gz"

[tools.node."platforms.linux-x64-baseline"]
checksum = "sha256:855d581f8a4eb1a8117e3426de25fe02770592febcfb31369aee1ffbfee9e8ec"
url = "https://nodejs.org/dist/v24.20.0/node-v24.20.0-linux-x64.tar.gz"

[tools.node."platforms.linux-x64-musl"]
checksum = "sha256:9ae1399fef4bd8990e15773ce1327b336a20b9e97d8c7549f4f42ca73c43f562"
url = "https://unofficial-builds.nodejs.org/download/release/v24.20.0/node-v24.20.0-linux-x64-musl.tar.gz"

[tools.node."platforms.linux-x64-musl-baseline"]
checksum = "sha256:9ae1399fef4bd8990e15773ce1327b336a20b9e97d8c7549f4f42ca73c43f562"
url = "https://unofficial-builds.nodejs.org/download/release/v24.20.0/node-v24.20.0-linux-x64-musl.tar.gz"

[tools.node."platforms.macos-arm64"]
checksum = "sha256:40e5607e5ecb3db9192723776da2d75d966260fc74a7a9e731c1bd67dda96bc8"
url = "https://nodejs.org/dist/v24.20.0/node-v24.20.0-darwin-arm64.tar.gz"

[[tools."npm:open-websearch"]]
version = "2.1.11"
backend = "npm:open-websearch"
specifiers = ["2.1.11"]

[[tools.zig]]
version = "0.16.0"
backend = "core:zig"
specifiers = ["0.16.0"]

[tools.zig."platforms.linux-arm64"]
checksum = "sha256:ea4b09bfb22ec6f6c6ceac57ab63efb6b46e17ab08d21f69f3a48b38e1534f17"
url = "https://ziglang.org/download/0.16.0/zig-aarch64-linux-0.16.0.tar.xz"

[tools.zig."platforms.linux-arm64-musl"]
checksum = "sha256:ea4b09bfb22ec6f6c6ceac57ab63efb6b46e17ab08d21f69f3a48b38e1534f17"
url = "https://ziglang.org/download/0.16.0/zig-aarch64-linux-0.16.0.tar.xz"

[tools.zig."platforms.linux-x64"]
checksum = "sha256:70e49664a74374b48b51e6f3fdfbf437f6395d42509050588bd49abe52ba3d00"
url = "https://ziglang.org/download/0.16.0/zig-x86_64-linux-0.16.0.tar.xz"

[tools.zig."platforms.linux-x64-baseline"]
checksum = "sha256:70e49664a74374b48b51e6f3fdfbf437f6395d42509050588bd49abe52ba3d00"
url = "https://ziglang.org/download/0.16.0/zig-x86_64-linux-0.16.0.tar.xz"

[tools.zig."platforms.linux-x64-musl"]
checksum = "sha256:70e49664a74374b48b51e6f3fdfbf437f6395d42509050588bd49abe52ba3d00"
url = "https://ziglang.org/download/0.16.0/zig-x86_64-linux-0.16.0.tar.xz"

[tools.zig."platforms.linux-x64-musl-baseline"]
checksum = "sha256:70e49664a74374b48b51e6f3fdfbf437f6395d42509050588bd49abe52ba3d00"
url = "https://ziglang.org/download/0.16.0/zig-x86_64-linux-0.16.0.tar.xz"

[tools.zig."platforms.macos-arm64"]
checksum = "sha256:b23d70deaa879b5c2d486ed3316f7eaa53e84acf6fc9cc747de152450d401489"
url = "https://ziglang.org/download/0.16.0/zig-aarch64-macos-0.16.0.tar.xz"
