# Pinned zsh plugin SHAs. Bootstrap reads this and clones to
# $XDG_DATA_HOME/zsh/plugins/<name> (default ~/.local/share/zsh/plugins/<name>).
#
# Format: <name> <github-owner/repo> <git-sha>
# Pin SHAs (immutable, drift-detectable), not branches. Bump with:
#   1. cd ~/.local/share/zsh/plugins/<name> && git fetch && git checkout <new-sha>
#   2. update this file
#   3. commit "chore(zsh): bump <plugin> to <short-sha>"

zsh-defer                romkatv/zsh-defer                          53a26e287fbbe2dcebb3aa1801546c6de32416fa
fzf-tab                  Aloxaf/fzf-tab                             0983009f8666f11e91a2ee1f88cfdb748d14f656
zsh-autosuggestions      zsh-users/zsh-autosuggestions              85919cd1ffa7d2d5412f6d3fe437ebdbeeec4fc5
fast-syntax-highlighting zdharma-continuum/fast-syntax-highlighting 3d574ccf48804b10dca52625df13da5edae7f553
zsh-completions          zsh-users/zsh-completions                  64f802936cc368202957e1db42e9305eaaddda4d
